// !$*UTF8*$!
{
	archiveVersion = 1;
	classes = {
	};
	objectVersion = 51;
	objects = {

/* Begin PBXBuildFile section */
		39FF863E1B295C46EAECA7B1 /* Pods_Instamator.framework in Frameworks */ = {isa = PBXBuildFile; fileRef = 9E0F091BCF4F39FE419EAC98 /* Pods_Instamator.framework */; };
		DA0DFEF9259258F400A66EAA /* EditProfileViewController.swift in Sources */ = {isa = PBXBuildFile; fileRef = DA0DFEF8259258F300A66EAA /* EditProfileViewController.swift */; };
		DA0DFEFB25925C2D00A66EAA /* EditProfileView.swift in Sources */ = {isa = PBXBuildFile; fileRef = DA0DFEFA25925C2D00A66EAA /* EditProfileView.swift */; };
		DA1FF1B12589F9780042CBDD /* NotificationViewCell.swift in Sources */ = {isa = PBXBuildFile; fileRef = DA1FF1B02589F9780042CBDD /* NotificationViewCell.swift */; };
		DA2CC01B258615D600BEB8D7 /* SelectPhotoViewController.swift in Sources */ = {isa = PBXBuildFile; fileRef = DA2CC01A258615D600BEB8D7 /* SelectPhotoViewController.swift */; };
		DA2CC01D2586170C00BEB8D7 /* SelectPhotoCell.swift in Sources */ = {isa = PBXBuildFile; fileRef = DA2CC01C2586170C00BEB8D7 /* SelectPhotoCell.swift */; };
		DA2CC01F2586176400BEB8D7 /* SelectPhotoHeaderView.swift in Sources */ = {isa = PBXBuildFile; fileRef = DA2CC01E2586176400BEB8D7 /* SelectPhotoHeaderView.swift */; };
		DA2FEDF325816E4A00AEE542 /* AppDelegate.swift in Sources */ = {isa = PBXBuildFile; fileRef = DA2FEDF225816E4A00AEE542 /* AppDelegate.swift */; };
		DA2FEDF525816E4A00AEE542 /* SceneDelegate.swift in Sources */ = {isa = PBXBuildFile; fileRef = DA2FEDF425816E4A00AEE542 /* SceneDelegate.swift */; };
		DA2FEDFA25816E4A00AEE542 /* Main.storyboard in Resources */ = {isa = PBXBuildFile; fileRef = DA2FEDF825816E4A00AEE542 /* Main.storyboard */; };
		DA2FEDFC25816E4E00AEE542 /* Assets.xcassets in Resources */ = {isa = PBXBuildFile; fileRef = DA2FEDFB25816E4E00AEE542 /* Assets.xcassets */; };
		DA2FEDFF25816E4E00AEE542 /* LaunchScreen.storyboard in Resources */ = {isa = PBXBuildFile; fileRef = DA2FEDFD25816E4E00AEE542 /* LaunchScreen.storyboard */; };
		DA2FEE0B2581704000AEE542 /* LogInViewController.swift in Sources */ = {isa = PBXBuildFile; fileRef = DA2FEE0A2581704000AEE542 /* LogInViewController.swift */; };
		DA2FEE0D2581720800AEE542 /* UIView.swift in Sources */ = {isa = PBXBuildFile; fileRef = DA2FEE0C2581720800AEE542 /* UIView.swift */; };
		DA2FEE0F25817E5000AEE542 /* SignUpViewController.swift in Sources */ = {isa = PBXBuildFile; fileRef = DA2FEE0E25817E5000AEE542 /* SignUpViewController.swift */; };
		DA31CC672581D9D00009892C /* GoogleService-Info.plist in Resources */ = {isa = PBXBuildFile; fileRef = DA31CC662581D9D00009892C /* GoogleService-Info.plist */; };
		DA36962E2584DEFD00887944 /* Constants.swift in Sources */ = {isa = PBXBuildFile; fileRef = DA36962D2584DEFD00887944 /* Constants.swift */; };
		DA3696302584DF0A00887944 /* Protocols.swift in Sources */ = {isa = PBXBuildFile; fileRef = DA36962F2584DF0A00887944 /* Protocols.swift */; };
		DA369633258529AF00887944 /* FollowLikeViewController.swift in Sources */ = {isa = PBXBuildFile; fileRef = DA369632258529AF00887944 /* FollowLikeViewController.swift */; };
		DA36963525852A0600887944 /* FollowLikeViewCell.swift in Sources */ = {isa = PBXBuildFile; fileRef = DA36963425852A0600887944 /* FollowLikeViewCell.swift */; };
		DA369637258546FB00887944 /* Database.swift in Sources */ = {isa = PBXBuildFile; fileRef = DA369636258546FB00887944 /* Database.swift */; };
		DA3C15912588C988002A1A5D /* Enums.swift in Sources */ = {isa = PBXBuildFile; fileRef = DA3C15902588C988002A1A5D /* Enums.swift */; };
		DA44C39F25934BF00020BCC3 /* CustomImageView.swift in Sources */ = {isa = PBXBuildFile; fileRef = DA44C39E25934BF00020BCC3 /* CustomImageView.swift */; };
		DA59B46A258679DD00B5882C /* Post.swift in Sources */ = {isa = PBXBuildFile; fileRef = DA59B469258679DD00B5882C /* Post.swift */; };
		DA59B46C2586939600B5882C /* UserProfileCell.swift in Sources */ = {isa = PBXBuildFile; fileRef = DA59B46B2586939600B5882C /* UserProfileCell.swift */; };
		DA5A15142592076B008D1B00 /* README.md in Resources */ = {isa = PBXBuildFile; fileRef = DA5A15132592076B008D1B00 /* README.md */; };
		DA5A151625922A85008D1B00 /* Date.swift in Sources */ = {isa = PBXBuildFile; fileRef = DA5A151525922A85008D1B00 /* Date.swift */; };
		DA6F5272258A730B007B4BDF /* Notification.swift in Sources */ = {isa = PBXBuildFile; fileRef = DA6F5271258A730B007B4BDF /* Notification.swift */; };
		DA6F5274258AA281007B4BDF /* UIImage.swift in Sources */ = {isa = PBXBuildFile; fileRef = DA6F5273258AA281007B4BDF /* UIImage.swift */; };
		DA73836B2587650400B33917 /* FeedViewCell.swift in Sources */ = {isa = PBXBuildFile; fileRef = DA73836A2587650400B33917 /* FeedViewCell.swift */; };
		DA79BD1525895BA100A94A97 /* CommentViewController.swift in Sources */ = {isa = PBXBuildFile; fileRef = DA79BD1425895BA100A94A97 /* CommentViewController.swift */; };
		DA79BD1725895BB900A94A97 /* CommentViewCell.swift in Sources */ = {isa = PBXBuildFile; fileRef = DA79BD1625895BB900A94A97 /* CommentViewCell.swift */; };
		DA79BD1925895BC900A94A97 /* Comment.swift in Sources */ = {isa = PBXBuildFile; fileRef = DA79BD1825895BC900A94A97 /* Comment.swift */; };
		DAA073782582367F0086C442 /* MainTabViewController.swift in Sources */ = {isa = PBXBuildFile; fileRef = DAA073772582367F0086C442 /* MainTabViewController.swift */; };
		DAA0737B258237E60086C442 /* FeedViewController.swift in Sources */ = {isa = PBXBuildFile; fileRef = DAA0737A258237E60086C442 /* FeedViewController.swift */; };
		DAA0737D2582380E0086C442 /* SearchViewController.swift in Sources */ = {isa = PBXBuildFile; fileRef = DAA0737C2582380E0086C442 /* SearchViewController.swift */; };
		DAA0737F2582384D0086C442 /* UploadPostViewController.swift in Sources */ = {isa = PBXBuildFile; fileRef = DAA0737E2582384D0086C442 /* UploadPostViewController.swift */; };
		DAA07381258238660086C442 /* NotificationViewController.swift in Sources */ = {isa = PBXBuildFile; fileRef = DAA07380258238660086C442 /* NotificationViewController.swift */; };
		DAA07383258238820086C442 /* UserProfileViewController.swift in Sources */ = {isa = PBXBuildFile; fileRef = DAA07382258238820086C442 /* UserProfileViewController.swift */; };
		DAA0738625824A6E0086C442 /* UserProfileHeaderView.swift in Sources */ = {isa = PBXBuildFile; fileRef = DAA0738525824A6E0086C442 /* UserProfileHeaderView.swift */; };
		DAC8B88F258C8B1C001B83F7 /* SearchPostCell.swift in Sources */ = {isa = PBXBuildFile; fileRef = DAC8B88E258C8B1C001B83F7 /* SearchPostCell.swift */; };
		DAC8B892258C97D0001B83F7 /* MessagesUIViewController.swift in Sources */ = {isa = PBXBuildFile; fileRef = DAC8B891258C97D0001B83F7 /* MessagesUIViewController.swift */; };
		DAC8B894258C97E7001B83F7 /* MessagesUIViewCell.swift in Sources */ = {isa = PBXBuildFile; fileRef = DAC8B893258C97E7001B83F7 /* MessagesUIViewCell.swift */; };
		DAC8B896258E5DEB001B83F7 /* NewMessageViewController.swift in Sources */ = {isa = PBXBuildFile; fileRef = DAC8B895258E5DEB001B83F7 /* NewMessageViewController.swift */; };
		DAC8B898258E5F2B001B83F7 /* NewMessageViewCell.swift in Sources */ = {isa = PBXBuildFile; fileRef = DAC8B897258E5F2B001B83F7 /* NewMessageViewCell.swift */; };
		DAC8B89A258E6A10001B83F7 /* Message.swift in Sources */ = {isa = PBXBuildFile; fileRef = DAC8B899258E6A10001B83F7 /* Message.swift */; };
		DAC8B89C258E6BF8001B83F7 /* ChatViewController.swift in Sources */ = {isa = PBXBuildFile; fileRef = DAC8B89B258E6BF8001B83F7 /* ChatViewController.swift */; };
		DAC8B89E258E6C1F001B83F7 /* ChatViewCell.swift in Sources */ = {isa = PBXBuildFile; fileRef = DAC8B89D258E6C1F001B83F7 /* ChatViewCell.swift */; };
		DAFA11B325837D3C00CAE117 /* User.swift in Sources */ = {isa = PBXBuildFile; fileRef = DAFA11B225837D3C00CAE117 /* User.swift */; };
		DAFA11B52583DCE700CAE117 /* UIImageView.swift in Sources */ = {isa = PBXBuildFile; fileRef = DAFA11B42583DCE700CAE117 /* UIImageView.swift */; };
		DAFA11B72583E28500CAE117 /* SearchViewCell.swift in Sources */ = {isa = PBXBuildFile; fileRef = DAFA11B62583E28500CAE117 /* SearchViewCell.swift */; };
		DAFC9E2A258FF5D700E43639 /* HashTagViewController.swift in Sources */ = {isa = PBXBuildFile; fileRef = DAFC9E29258FF5D700E43639 /* HashTagViewController.swift */; };
		DAFC9E2C258FF5F000E43639 /* HashTagViewCell.swift in Sources */ = {isa = PBXBuildFile; fileRef = DAFC9E2B258FF5F000E43639 /* HashTagViewCell.swift */; };
/* End PBXBuildFile section */

/* Begin PBXFileReference section */
		5D3D754F69671AB84C32A4D3 /* Pods-Instamator.release.xcconfig */ = {isa = PBXFileReference; includeInIndex = 1; lastKnownFileType = text.xcconfig; name = "Pods-Instamator.release.xcconfig"; path = "Target Support Files/Pods-Instamator/Pods-Instamator.release.xcconfig"; sourceTree = "<group>"; };
		9E0F091BCF4F39FE419EAC98 /* Pods_Instamator.framework */ = {isa = PBXFileReference; explicitFileType = wrapper.framework; includeInIndex = 0; path = Pods_Instamator.framework; sourceTree = BUILT_PRODUCTS_DIR; };
		9E62F404D976AB154EAE4D44 /* Pods-Instamator.debug.xcconfig */ = {isa = PBXFileReference; includeInIndex = 1; lastKnownFileType = text.xcconfig; name = "Pods-Instamator.debug.xcconfig"; path = "Target Support Files/Pods-Instamator/Pods-Instamator.debug.xcconfig"; sourceTree = "<group>"; };
		DA0DFEF8259258F300A66EAA /* EditProfileViewController.swift */ = {isa = PBXFileReference; lastKnownFileType = sourcecode.swift; path = EditProfileViewController.swift; sourceTree = "<group>"; };
		DA0DFEFA25925C2D00A66EAA /* EditProfileView.swift */ = {isa = PBXFileReference; lastKnownFileType = sourcecode.swift; path = EditProfileView.swift; sourceTree = "<group>"; };
		DA1FF1B02589F9780042CBDD /* NotificationViewCell.swift */ = {isa = PBXFileReference; lastKnownFileType = sourcecode.swift; path = NotificationViewCell.swift; sourceTree = "<group>"; };
		DA2CC01A258615D600BEB8D7 /* SelectPhotoViewController.swift */ = {isa = PBXFileReference; lastKnownFileType = sourcecode.swift; path = SelectPhotoViewController.swift; sourceTree = "<group>"; };
		DA2CC01C2586170C00BEB8D7 /* SelectPhotoCell.swift */ = {isa = PBXFileReference; lastKnownFileType = sourcecode.swift; path = SelectPhotoCell.swift; sourceTree = "<group>"; };
		DA2CC01E2586176400BEB8D7 /* SelectPhotoHeaderView.swift */ = {isa = PBXFileReference; lastKnownFileType = sourcecode.swift; path = SelectPhotoHeaderView.swift; sourceTree = "<group>"; };
		DA2FEDEF25816E4A00AEE542 /* Instamator.app */ = {isa = PBXFileReference; explicitFileType = wrapper.application; includeInIndex = 0; path = Instamator.app; sourceTree = BUILT_PRODUCTS_DIR; };
		DA2FEDF225816E4A00AEE542 /* AppDelegate.swift */ = {isa = PBXFileReference; lastKnownFileType = sourcecode.swift; path = AppDelegate.swift; sourceTree = "<group>"; };
		DA2FEDF425816E4A00AEE542 /* SceneDelegate.swift */ = {isa = PBXFileReference; lastKnownFileType = sourcecode.swift; path = SceneDelegate.swift; sourceTree = "<group>"; };
		DA2FEDF925816E4A00AEE542 /* Base */ = {isa = PBXFileReference; lastKnownFileType = file.storyboard; name = Base; path = Base.lproj/Main.storyboard; sourceTree = "<group>"; };
		DA2FEDFB25816E4E00AEE542 /* Assets.xcassets */ = {isa = PBXFileReference; lastKnownFileType = folder.assetcatalog; path = Assets.xcassets; sourceTree = "<group>"; };
		DA2FEDFE25816E4E00AEE542 /* Base */ = {isa = PBXFileReference; lastKnownFileType = file.storyboard; name = Base; path = Base.lproj/LaunchScreen.storyboard; sourceTree = "<group>"; };
		DA2FEE0025816E4E00AEE542 /* Info.plist */ = {isa = PBXFileReference; lastKnownFileType = text.plist.xml; path = Info.plist; sourceTree = "<group>"; };
		DA2FEE0A2581704000AEE542 /* LogInViewController.swift */ = {isa = PBXFileReference; lastKnownFileType = sourcecode.swift; path = LogInViewController.swift; sourceTree = "<group>"; };
		DA2FEE0C2581720800AEE542 /* UIView.swift */ = {isa = PBXFileReference; fileEncoding = 4; lastKnownFileType = sourcecode.swift; path = UIView.swift; sourceTree = "<group>"; };
		DA2FEE0E25817E5000AEE542 /* SignUpViewController.swift */ = {isa = PBXFileReference; lastKnownFileType = sourcecode.swift; path = SignUpViewController.swift; sourceTree = "<group>"; };
		DA31CC662581D9D00009892C /* GoogleService-Info.plist */ = {isa = PBXFileReference; fileEncoding = 4; lastKnownFileType = text.plist.xml; path = "GoogleService-Info.plist"; sourceTree = "<group>"; };
		DA36962D2584DEFD00887944 /* Constants.swift */ = {isa = PBXFileReference; lastKnownFileType = sourcecode.swift; path = Constants.swift; sourceTree = "<group>"; };
		DA36962F2584DF0A00887944 /* Protocols.swift */ = {isa = PBXFileReference; lastKnownFileType = sourcecode.swift; path = Protocols.swift; sourceTree = "<group>"; };
		DA369632258529AF00887944 /* FollowLikeViewController.swift */ = {isa = PBXFileReference; lastKnownFileType = sourcecode.swift; path = FollowLikeViewController.swift; sourceTree = "<group>"; };
		DA36963425852A0600887944 /* FollowLikeViewCell.swift */ = {isa = PBXFileReference; lastKnownFileType = sourcecode.swift; path = FollowLikeViewCell.swift; sourceTree = "<group>"; };
		DA369636258546FB00887944 /* Database.swift */ = {isa = PBXFileReference; lastKnownFileType = sourcecode.swift; path = Database.swift; sourceTree = "<group>"; };
		DA3C15902588C988002A1A5D /* Enums.swift */ = {isa = PBXFileReference; lastKnownFileType = sourcecode.swift; path = Enums.swift; sourceTree = "<group>"; };
		DA44C39E25934BF00020BCC3 /* CustomImageView.swift */ = {isa = PBXFileReference; lastKnownFileType = sourcecode.swift; path = CustomImageView.swift; sourceTree = "<group>"; };
		DA59B469258679DD00B5882C /* Post.swift */ = {isa = PBXFileReference; lastKnownFileType = sourcecode.swift; path = Post.swift; sourceTree = "<group>"; };
		DA59B46B2586939600B5882C /* UserProfileCell.swift */ = {isa = PBXFileReference; lastKnownFileType = sourcecode.swift; path = UserProfileCell.swift; sourceTree = "<group>"; };
		DA5A15132592076B008D1B00 /* README.md */ = {isa = PBXFileReference; fileEncoding = 4; lastKnownFileType = net.daringfireball.markdown; path = README.md; sourceTree = SOURCE_ROOT; };
		DA5A151525922A85008D1B00 /* Date.swift */ = {isa = PBXFileReference; lastKnownFileType = sourcecode.swift; path = Date.swift; sourceTree = "<group>"; };
		DA6F5271258A730B007B4BDF /* Notification.swift */ = {isa = PBXFileReference; lastKnownFileType = sourcecode.swift; path = Notification.swift; sourceTree = "<group>"; };
		DA6F5273258AA281007B4BDF /* UIImage.swift */ = {isa = PBXFileReference; lastKnownFileType = sourcecode.swift; path = UIImage.swift; sourceTree = "<group>"; };
		DA73836A2587650400B33917 /* FeedViewCell.swift */ = {isa = PBXFileReference; lastKnownFileType = sourcecode.swift; path = FeedViewCell.swift; sourceTree = "<group>"; };
		DA79BD1425895BA100A94A97 /* CommentViewController.swift */ = {isa = PBXFileReference; lastKnownFileType = sourcecode.swift; path = CommentViewController.swift; sourceTree = "<group>"; };
		DA79BD1625895BB900A94A97 /* CommentViewCell.swift */ = {isa = PBXFileReference; lastKnownFileType = sourcecode.swift; path = CommentViewCell.swift; sourceTree = "<group>"; };
		DA79BD1825895BC900A94A97 /* Comment.swift */ = {isa = PBXFileReference; lastKnownFileType = sourcecode.swift; path = Comment.swift; sourceTree = "<group>"; };
		DAA073772582367F0086C442 /* MainTabViewController.swift */ = {isa = PBXFileReference; lastKnownFileType = sourcecode.swift; path = MainTabViewController.swift; sourceTree = "<group>"; };
		DAA0737A258237E60086C442 /* FeedViewController.swift */ = {isa = PBXFileReference; lastKnownFileType = sourcecode.swift; path = FeedViewController.swift; sourceTree = "<group>"; };
		DAA0737C2582380E0086C442 /* SearchViewController.swift */ = {isa = PBXFileReference; lastKnownFileType = sourcecode.swift; path = SearchViewController.swift; sourceTree = "<group>"; };
		DAA0737E2582384D0086C442 /* UploadPostViewController.swift */ = {isa = PBXFileReference; lastKnownFileType = sourcecode.swift; path = UploadPostViewController.swift; sourceTree = "<group>"; };
		DAA07380258238660086C442 /* NotificationViewController.swift */ = {isa = PBXFileReference; lastKnownFileType = sourcecode.swift; path = NotificationViewController.swift; sourceTree = "<group>"; };
		DAA07382258238820086C442 /* UserProfileViewController.swift */ = {isa = PBXFileReference; lastKnownFileType = sourcecode.swift; path = UserProfileViewController.swift; sourceTree = "<group>"; };
		DAA0738525824A6E0086C442 /* UserProfileHeaderView.swift */ = {isa = PBXFileReference; lastKnownFileType = sourcecode.swift; path = UserProfileHeaderView.swift; sourceTree = "<group>"; };
		DAC8B88E258C8B1C001B83F7 /* SearchPostCell.swift */ = {isa = PBXFileReference; lastKnownFileType = sourcecode.swift; path = SearchPostCell.swift; sourceTree = "<group>"; };
		DAC8B891258C97D0001B83F7 /* MessagesUIViewController.swift */ = {isa = PBXFileReference; lastKnownFileType = sourcecode.swift; path = MessagesUIViewController.swift; sourceTree = "<group>"; };
		DAC8B893258C97E7001B83F7 /* MessagesUIViewCell.swift */ = {isa = PBXFileReference; lastKnownFileType = sourcecode.swift; path = MessagesUIViewCell.swift; sourceTree = "<group>"; };
		DAC8B895258E5DEB001B83F7 /* NewMessageViewController.swift */ = {isa = PBXFileReference; lastKnownFileType = sourcecode.swift; path = NewMessageViewController.swift; sourceTree = "<group>"; };
		DAC8B897258E5F2B001B83F7 /* NewMessageViewCell.swift */ = {isa = PBXFileReference; lastKnownFileType = sourcecode.swift; path = NewMessageViewCell.swift; sourceTree = "<group>"; };
		DAC8B899258E6A10001B83F7 /* Message.swift */ = {isa = PBXFileReference; lastKnownFileType = sourcecode.swift; path = Message.swift; sourceTree = "<group>"; };
		DAC8B89B258E6BF8001B83F7 /* ChatViewController.swift */ = {isa = PBXFileReference; lastKnownFileType = sourcecode.swift; path = ChatViewController.swift; sourceTree = "<group>"; };
		DAC8B89D258E6C1F001B83F7 /* ChatViewCell.swift */ = {isa = PBXFileReference; lastKnownFileType = sourcecode.swift; path = ChatViewCell.swift; sourceTree = "<group>"; };
		DAFA11B225837D3C00CAE117 /* User.swift */ = {isa = PBXFileReference; lastKnownFileType = sourcecode.swift; path = User.swift; sourceTree = "<group>"; };
		DAFA11B42583DCE700CAE117 /* UIImageView.swift */ = {isa = PBXFileReference; lastKnownFileType = sourcecode.swift; path = UIImageView.swift; sourceTree = "<group>"; };
		DAFA11B62583E28500CAE117 /* SearchViewCell.swift */ = {isa = PBXFileReference; lastKnownFileType = sourcecode.swift; path = SearchViewCell.swift; sourceTree = "<group>"; };
		DAFC9E29258FF5D700E43639 /* HashTagViewController.swift */ = {isa = PBXFileReference; lastKnownFileType = sourcecode.swift; path = HashTagViewController.swift; sourceTree = "<group>"; };
		DAFC9E2B258FF5F000E43639 /* HashTagViewCell.swift */ = {isa = PBXFileReference; lastKnownFileType = sourcecode.swift; path = HashTagViewCell.swift; sourceTree = "<group>"; };
/* End PBXFileReference section */

/* Begin PBXFrameworksBuildPhase section */
		DA2FEDEC25816E4A00AEE542 /* Frameworks */ = {
			isa = PBXFrameworksBuildPhase;
			buildActionMask = 2147483647;
			files = (
				39FF863E1B295C46EAECA7B1 /* Pods_Instamator.framework in Frameworks */,
			);
			runOnlyForDeploymentPostprocessing = 0;
		};
/* End PBXFrameworksBuildPhase section */

/* Begin PBXGroup section */
		4A1CDEB8A52DAE82D513B2CB /* Pods */ = {
			isa = PBXGroup;
			children = (
				9E62F404D976AB154EAE4D44 /* Pods-Instamator.debug.xcconfig */,
				5D3D754F69671AB84C32A4D3 /* Pods-Instamator.release.xcconfig */,
			);
			path = Pods;
			sourceTree = "<group>";
		};
		BAD9F1AB7DE44645EF6DA190 /* Frameworks */ = {
			isa = PBXGroup;
			children = (
				9E0F091BCF4F39FE419EAC98 /* Pods_Instamator.framework */,
			);
			name = Frameworks;
			sourceTree = "<group>";
		};
		DA1FF1AF2589F9210042CBDD /* Notification */ = {
			isa = PBXGroup;
			children = (
				DAA07380258238660086C442 /* NotificationViewController.swift */,
			);
			path = Notification;
			sourceTree = "<group>";
		};
		DA2CC019258613BA00BEB8D7 /* Post */ = {
			isa = PBXGroup;
			children = (
				DAA0737E2582384D0086C442 /* UploadPostViewController.swift */,
				DA2CC01A258615D600BEB8D7 /* SelectPhotoViewController.swift */,
			);
			path = Post;
			sourceTree = "<group>";
		};
		DA2CC021258631E600BEB8D7 /* UserProfile */ = {
			isa = PBXGroup;
			children = (
				DA369632258529AF00887944 /* FollowLikeViewController.swift */,
				DAA07382258238820086C442 /* UserProfileViewController.swift */,
				DA0DFEF8259258F300A66EAA /* EditProfileViewController.swift */,
			);
			path = UserProfile;
			sourceTree = "<group>";
		};
		DA2FEDE625816E4A00AEE542 = {
			isa = PBXGroup;
			children = (
				DA2FEDF125816E4A00AEE542 /* Instamator */,
				DA2FEDF025816E4A00AEE542 /* Products */,
				4A1CDEB8A52DAE82D513B2CB /* Pods */,
				BAD9F1AB7DE44645EF6DA190 /* Frameworks */,
			);
			sourceTree = "<group>";
		};
		DA2FEDF025816E4A00AEE542 /* Products */ = {
			isa = PBXGroup;
			children = (
				DA2FEDEF25816E4A00AEE542 /* Instamator.app */,
			);
			name = Products;
			sourceTree = "<group>";
		};
		DA2FEDF125816E4A00AEE542 /* Instamator */ = {
			isa = PBXGroup;
			children = (
				DA5A1510259206BF008D1B00 /* Others */,
				DA36962C2584DEE100887944 /* Utils */,
				DA31CC662581D9D00009892C /* GoogleService-Info.plist */,
				DA2FEE092581700C00AEE542 /* Extensions */,
				DA2FEE082581700200AEE542 /* Controller */,
				DA2FEE0725816FF700AEE542 /* Model */,
				DA2FEE0625816FE400AEE542 /* View */,
				DA2FEDF825816E4A00AEE542 /* Main.storyboard */,
				DA2FEDFB25816E4E00AEE542 /* Assets.xcassets */,
				DA2FEDFD25816E4E00AEE542 /* LaunchScreen.storyboard */,
				DA2FEE0025816E4E00AEE542 /* Info.plist */,
			);
			path = Instamator;
			sourceTree = "<group>";
		};
		DA2FEE0625816FE400AEE542 /* View */ = {
			isa = PBXGroup;
			children = (
				DAA0738425824A3D0086C442 /* Cell */,
				DA0DFEFA25925C2D00A66EAA /* EditProfileView.swift */,
			);
			path = View;
			sourceTree = "<group>";
		};
		DA2FEE0725816FF700AEE542 /* Model */ = {
			isa = PBXGroup;
			children = (
				DAFA11B225837D3C00CAE117 /* User.swift */,
				DA59B469258679DD00B5882C /* Post.swift */,
				DA79BD1825895BC900A94A97 /* Comment.swift */,
				DA6F5271258A730B007B4BDF /* Notification.swift */,
				DAC8B899258E6A10001B83F7 /* Message.swift */,
			);
			path = Model;
			sourceTree = "<group>";
		};
		DA2FEE082581700200AEE542 /* Controller */ = {
			isa = PBXGroup;
			children = (
				DAFC9E28258FF5B200E43639 /* HashTag */,
				DA3696312585299600887944 /* SignUp */,
				DAA073792582379E0086C442 /* TabBar */,
			);
			path = Controller;
			sourceTree = "<group>";
		};
		DA2FEE092581700C00AEE542 /* Extensions */ = {
			isa = PBXGroup;
			children = (
				DA2FEE0C2581720800AEE542 /* UIView.swift */,
				DAFA11B42583DCE700CAE117 /* UIImageView.swift */,
				DA369636258546FB00887944 /* Database.swift */,
				DA6F5273258AA281007B4BDF /* UIImage.swift */,
				DA5A151525922A85008D1B00 /* Date.swift */,
			);
			path = Extensions;
			sourceTree = "<group>";
		};
		DA36962C2584DEE100887944 /* Utils */ = {
			isa = PBXGroup;
			children = (
				DA36962D2584DEFD00887944 /* Constants.swift */,
				DA36962F2584DF0A00887944 /* Protocols.swift */,
				DA3C15902588C988002A1A5D /* Enums.swift */,
				DA44C39E25934BF00020BCC3 /* CustomImageView.swift */,
			);
			path = Utils;
			sourceTree = "<group>";
		};
		DA3696312585299600887944 /* SignUp */ = {
			isa = PBXGroup;
			children = (
				DA2FEE0E25817E5000AEE542 /* SignUpViewController.swift */,
				DA2FEE0A2581704000AEE542 /* LogInViewController.swift */,
			);
			path = SignUp;
			sourceTree = "<group>";
		};
		DA5A1510259206BF008D1B00 /* Others */ = {
			isa = PBXGroup;
			children = (
				DA5A15132592076B008D1B00 /* README.md */,
				DA2FEDF225816E4A00AEE542 /* AppDelegate.swift */,
				DA2FEDF425816E4A00AEE542 /* SceneDelegate.swift */,
			);
			path = Others;
			sourceTree = "<group>";
		};
		DA738369258764A200B33917 /* Feed */ = {
			isa = PBXGroup;
			children = (
				DA79BD1425895BA100A94A97 /* CommentViewController.swift */,
				DAA0737A258237E60086C442 /* FeedViewController.swift */,
			);
			path = Feed;
			sourceTree = "<group>";
		};
		DAA073792582379E0086C442 /* TabBar */ = {
			isa = PBXGroup;
			children = (
				DAC8B890258C963C001B83F7 /* Messages */,
				DA738369258764A200B33917 /* Feed */,
				DA2CC019258613BA00BEB8D7 /* Post */,
				DAA073772582367F0086C442 /* MainTabViewController.swift */,
				DAA0737C2582380E0086C442 /* SearchViewController.swift */,
				DA1FF1AF2589F9210042CBDD /* Notification */,
				DA2CC021258631E600BEB8D7 /* UserProfile */,
			);
			path = TabBar;
			sourceTree = "<group>";
		};
		DAA0738425824A3D0086C442 /* Cell */ = {
			isa = PBXGroup;
			children = (
				DAA0738525824A6E0086C442 /* UserProfileHeaderView.swift */,
				DAFA11B62583E28500CAE117 /* SearchViewCell.swift */,
				DA36963425852A0600887944 /* FollowLikeViewCell.swift */,
				DA2CC01C2586170C00BEB8D7 /* SelectPhotoCell.swift */,
				DA2CC01E2586176400BEB8D7 /* SelectPhotoHeaderView.swift */,
				DA59B46B2586939600B5882C /* UserProfileCell.swift */,
				DA73836A2587650400B33917 /* FeedViewCell.swift */,
				DA79BD1625895BB900A94A97 /* CommentViewCell.swift */,
				DA1FF1B02589F9780042CBDD /* NotificationViewCell.swift */,
				DAC8B88E258C8B1C001B83F7 /* SearchPostCell.swift */,
				DAC8B893258C97E7001B83F7 /* MessagesUIViewCell.swift */,
				DAC8B897258E5F2B001B83F7 /* NewMessageViewCell.swift */,
				DAC8B89D258E6C1F001B83F7 /* ChatViewCell.swift */,
				DAFC9E2B258FF5F000E43639 /* HashTagViewCell.swift */,
			);
			path = Cell;
			sourceTree = "<group>";
		};
		DAC8B890258C963C001B83F7 /* Messages */ = {
			isa = PBXGroup;
			children = (
				DAC8B891258C97D0001B83F7 /* MessagesUIViewController.swift */,
				DAC8B895258E5DEB001B83F7 /* NewMessageViewController.swift */,
				DAC8B89B258E6BF8001B83F7 /* ChatViewController.swift */,
			);
			path = Messages;
			sourceTree = "<group>";
		};
		DAFC9E28258FF5B200E43639 /* HashTag */ = {
			isa = PBXGroup;
			children = (
				DAFC9E29258FF5D700E43639 /* HashTagViewController.swift */,
			);
			path = HashTag;
			sourceTree = "<group>";
		};
/* End PBXGroup section */

/* Begin PBXNativeTarget section */
		DA2FEDEE25816E4A00AEE542 /* Instamator */ = {
			isa = PBXNativeTarget;
			buildConfigurationList = DA2FEE0325816E4E00AEE542 /* Build configuration list for PBXNativeTarget "Instamator" */;
			buildPhases = (
				29191E4E7E01C777B100166F /* [CP] Check Pods Manifest.lock */,
				DA2FEDEB25816E4A00AEE542 /* Sources */,
				DA2FEDEC25816E4A00AEE542 /* Frameworks */,
				DA2FEDED25816E4A00AEE542 /* Resources */,
				EE3BD687CA7D8FE0656A4368 /* [CP] Embed Pods Frameworks */,
			);
			buildRules = (
			);
			dependencies = (
			);
			name = Instamator;
			productName = Instamator;
			productReference = DA2FEDEF25816E4A00AEE542 /* Instamator.app */;
			productType = "com.apple.product-type.application";
		};
/* End PBXNativeTarget section */

/* Begin PBXProject section */
		DA2FEDE725816E4A00AEE542 /* Project object */ = {
			isa = PBXProject;
			attributes = {
				LastSwiftUpdateCheck = 1140;
				LastUpgradeCheck = 1140;
				ORGANIZATIONNAME = "Amit Chaudhary";
				TargetAttributes = {
					DA2FEDEE25816E4A00AEE542 = {
						CreatedOnToolsVersion = 11.4.1;
					};
				};
			};
			buildConfigurationList = DA2FEDEA25816E4A00AEE542 /* Build configuration list for PBXProject "Instamator" */;
			compatibilityVersion = "Xcode 9.3";
			developmentRegion = en;
			hasScannedForEncodings = 0;
			knownRegions = (
				en,
				Base,
			);
			mainGroup = DA2FEDE625816E4A00AEE542;
			productRefGroup = DA2FEDF025816E4A00AEE542 /* Products */;
			projectDirPath = "";
			projectRoot = "";
			targets = (
				DA2FEDEE25816E4A00AEE542 /* Instamator */,
			);
		};
/* End PBXProject section */

/* Begin PBXResourcesBuildPhase section */
		DA2FEDED25816E4A00AEE542 /* Resources */ = {
			isa = PBXResourcesBuildPhase;
			buildActionMask = 2147483647;
			files = (
				DA2FEDFF25816E4E00AEE542 /* LaunchScreen.storyboard in Resources */,
				DA31CC672581D9D00009892C /* GoogleService-Info.plist in Resources */,
				DA5A15142592076B008D1B00 /* README.md in Resources */,
				DA2FEDFC25816E4E00AEE542 /* Assets.xcassets in Resources */,
				DA2FEDFA25816E4A00AEE542 /* Main.storyboard in Resources */,
			);
			runOnlyForDeploymentPostprocessing = 0;
		};
/* End PBXResourcesBuildPhase section */

/* Begin PBXShellScriptBuildPhase section */
		29191E4E7E01C777B100166F /* [CP] Check Pods Manifest.lock */ = {
			isa = PBXShellScriptBuildPhase;
			buildActionMask = 2147483647;
			files = (
			);
			inputFileListPaths = (
			);
			inputPaths = (
				"${PODS_PODFILE_DIR_PATH}/Podfile.lock",
				"${PODS_ROOT}/Manifest.lock",
			);
			name = "[CP] Check Pods Manifest.lock";
			outputFileListPaths = (
			);
			outputPaths = (
				"$(DERIVED_FILE_DIR)/Pods-Instamator-checkManifestLockResult.txt",
			);
			runOnlyForDeploymentPostprocessing = 0;
			shellPath = /bin/sh;
			shellScript = "diff \"${PODS_PODFILE_DIR_PATH}/Podfile.lock\" \"${PODS_ROOT}/Manifest.lock\" > /dev/null\nif [ $? != 0 ] ; then\n    # print error to STDERR\n    echo \"error: The sandbox is not in sync with the Podfile.lock. Run 'pod install' or update your CocoaPods installation.\" >&2\n    exit 1\nfi\n# This output is used by Xcode 'outputs' to avoid re-running this script phase.\necho \"SUCCESS\" > \"${SCRIPT_OUTPUT_FILE_0}\"\n";
			showEnvVarsInLog = 0;
		};
		EE3BD687CA7D8FE0656A4368 /* [CP] Embed Pods Frameworks */ = {
			isa = PBXShellScriptBuildPhase;
			buildActionMask = 2147483647;
			files = (
			);
			inputFileListPaths = (
				"${PODS_ROOT}/Target Support Files/Pods-Instamator/Pods-Instamator-frameworks-${CONFIGURATION}-input-files.xcfilelist",
			);
			name = "[CP] Embed Pods Frameworks";
			outputFileListPaths = (
				"${PODS_ROOT}/Target Support Files/Pods-Instamator/Pods-Instamator-frameworks-${CONFIGURATION}-output-files.xcfilelist",
			);
			runOnlyForDeploymentPostprocessing = 0;
			shellPath = /bin/sh;
			shellScript = "\"${PODS_ROOT}/Target Support Files/Pods-Instamator/Pods-Instamator-frameworks.sh\"\n";
			showEnvVarsInLog = 0;
		};
/* End PBXShellScriptBuildPhase section */

/* Begin PBXSourcesBuildPhase section */
		DA2FEDEB25816E4A00AEE542 /* Sources */ = {
			isa = PBXSourcesBuildPhase;
			buildActionMask = 2147483647;
			files = (
				DA79BD1525895BA100A94A97 /* CommentViewController.swift in Sources */,
				DAFA11B325837D3C00CAE117 /* User.swift in Sources */,
				DAC8B892258C97D0001B83F7 /* MessagesUIViewController.swift in Sources */,
				DAA07381258238660086C442 /* NotificationViewController.swift in Sources */,
				DAC8B894258C97E7001B83F7 /* MessagesUIViewCell.swift in Sources */,
				DA2FEE0D2581720800AEE542 /* UIView.swift in Sources */,
				DA59B46A258679DD00B5882C /* Post.swift in Sources */,
				DA369633258529AF00887944 /* FollowLikeViewController.swift in Sources */,
				DA0DFEF9259258F400A66EAA /* EditProfileViewController.swift in Sources */,
				DA2FEE0B2581704000AEE542 /* LogInViewController.swift in Sources */,
				DAC8B89A258E6A10001B83F7 /* Message.swift in Sources */,
				DAFC9E2C258FF5F000E43639 /* HashTagViewCell.swift in Sources */,
				DAA0737D2582380E0086C442 /* SearchViewController.swift in Sources */,
				DA2FEDF325816E4A00AEE542 /* AppDelegate.swift in Sources */,
				DAFA11B72583E28500CAE117 /* SearchViewCell.swift in Sources */,
				DA2CC01F2586176400BEB8D7 /* SelectPhotoHeaderView.swift in Sources */,
				DAC8B89E258E6C1F001B83F7 /* ChatViewCell.swift in Sources */,
				DA2CC01B258615D600BEB8D7 /* SelectPhotoViewController.swift in Sources */,
				DA0DFEFB25925C2D00A66EAA /* EditProfileView.swift in Sources */,
				DA6F5274258AA281007B4BDF /* UIImage.swift in Sources */,
				DA36962E2584DEFD00887944 /* Constants.swift in Sources */,
				DA5A151625922A85008D1B00 /* Date.swift in Sources */,
				DAC8B896258E5DEB001B83F7 /* NewMessageViewController.swift in Sources */,
				DAC8B89C258E6BF8001B83F7 /* ChatViewController.swift in Sources */,
				DAA0737F2582384D0086C442 /* UploadPostViewController.swift in Sources */,
				DA2FEDF525816E4A00AEE542 /* SceneDelegate.swift in Sources */,
				DAA0738625824A6E0086C442 /* UserProfileHeaderView.swift in Sources */,
				DA44C39F25934BF00020BCC3 /* CustomImageView.swift in Sources */,
				DAC8B88F258C8B1C001B83F7 /* SearchPostCell.swift in Sources */,
				DAC8B898258E5F2B001B83F7 /* NewMessageViewCell.swift in Sources */,
				DAA0737B258237E60086C442 /* FeedViewController.swift in Sources */,
				DA3C15912588C988002A1A5D /* Enums.swift in Sources */,
				DA59B46C2586939600B5882C /* UserProfileCell.swift in Sources */,
				DA2FEE0F25817E5000AEE542 /* SignUpViewController.swift in Sources */,
				DA6F5272258A730B007B4BDF /* Notification.swift in Sources */,
				DA73836B2587650400B33917 /* FeedViewCell.swift in Sources */,
				DAA07383258238820086C442 /* UserProfileViewController.swift in Sources */,
				DA79BD1725895BB900A94A97 /* CommentViewCell.swift in Sources */,
				DA2CC01D2586170C00BEB8D7 /* SelectPhotoCell.swift in Sources */,
				DAA073782582367F0086C442 /* MainTabViewController.swift in Sources */,
				DA1FF1B12589F9780042CBDD /* NotificationViewCell.swift in Sources */,
				DA79BD1925895BC900A94A97 /* Comment.swift in Sources */,
				DA3696302584DF0A00887944 /* Protocols.swift in Sources */,
				DA36963525852A0600887944 /* FollowLikeViewCell.swift in Sources */,
				DAFC9E2A258FF5D700E43639 /* HashTagViewController.swift in Sources */,
				DA369637258546FB00887944 /* Database.swift in Sources */,
				DAFA11B52583DCE700CAE117 /* UIImageView.swift in Sources */,
			);
			runOnlyForDeploymentPostprocessing = 0;
		};
/* End PBXSourcesBuildPhase section */

/* Begin PBXVariantGroup section */
		DA2FEDF825816E4A00AEE542 /* Main.storyboard */ = {
			isa = PBXVariantGroup;
			children = (
				DA2FEDF925816E4A00AEE542 /* Base */,
			);
			name = Main.storyboard;
			sourceTree = "<group>";
		};
		DA2FEDFD25816E4E00AEE542 /* LaunchScreen.storyboard */ = {
			isa = PBXVariantGroup;
			children = (
				DA2FEDFE25816E4E00AEE542 /* Base */,
			);
			name = LaunchScreen.storyboard;
			sourceTree = "<group>";
		};
/* End PBXVariantGroup section */

/* Begin XCBuildConfiguration section */
		DA2FEE0125816E4E00AEE542 /* Debug */ = {
			isa = XCBuildConfiguration;
			buildSettings = {
				ALWAYS_SEARCH_USER_PATHS = NO;
				CLANG_ANALYZER_NONNULL = YES;
				CLANG_ANALYZER_NUMBER_OBJECT_CONVERSION = YES_AGGRESSIVE;
				CLANG_CXX_LANGUAGE_STANDARD = "gnu++14";
				CLANG_CXX_LIBRARY = "libc++";
				CLANG_ENABLE_MODULES = YES;
				CLANG_ENABLE_OBJC_ARC = YES;
				CLANG_ENABLE_OBJC_WEAK = YES;
				CLANG_WARN_BLOCK_CAPTURE_AUTORELEASING = YES;
				CLANG_WARN_BOOL_CONVERSION = YES;
				CLANG_WARN_COMMA = YES;
				CLANG_WARN_CONSTANT_CONVERSION = YES;
				CLANG_WARN_DEPRECATED_OBJC_IMPLEMENTATIONS = YES;
				CLANG_WARN_DIRECT_OBJC_ISA_USAGE = YES_ERROR;
				CLANG_WARN_DOCUMENTATION_COMMENTS = YES;
				CLANG_WARN_EMPTY_BODY = YES;
				CLANG_WARN_ENUM_CONVERSION = YES;
				CLANG_WARN_INFINITE_RECURSION = YES;
				CLANG_WARN_INT_CONVERSION = YES;
				CLANG_WARN_NON_LITERAL_NULL_CONVERSION = YES;
				CLANG_WARN_OBJC_IMPLICIT_RETAIN_SELF = YES;
				CLANG_WARN_OBJC_LITERAL_CONVERSION = YES;
				CLANG_WARN_OBJC_ROOT_CLASS = YES_ERROR;
				CLANG_WARN_RANGE_LOOP_ANALYSIS = YES;
				CLANG_WARN_STRICT_PROTOTYPES = YES;
				CLANG_WARN_SUSPICIOUS_MOVE = YES;
				CLANG_WARN_UNGUARDED_AVAILABILITY = YES_AGGRESSIVE;
				CLANG_WARN_UNREACHABLE_CODE = YES;
				CLANG_WARN__DUPLICATE_METHOD_MATCH = YES;
				COPY_PHASE_STRIP = NO;
				DEBUG_INFORMATION_FORMAT = dwarf;
				ENABLE_STRICT_OBJC_MSGSEND = YES;
				ENABLE_TESTABILITY = YES;
				GCC_C_LANGUAGE_STANDARD = gnu11;
				GCC_DYNAMIC_NO_PIC = NO;
				GCC_NO_COMMON_BLOCKS = YES;
				GCC_OPTIMIZATION_LEVEL = 0;
				GCC_PREPROCESSOR_DEFINITIONS = (
					"DEBUG=1",
					"$(inherited)",
				);
				GCC_WARN_64_TO_32_BIT_CONVERSION = YES;
				GCC_WARN_ABOUT_RETURN_TYPE = YES_ERROR;
				GCC_WARN_UNDECLARED_SELECTOR = YES;
				GCC_WARN_UNINITIALIZED_AUTOS = YES_AGGRESSIVE;
				GCC_WARN_UNUSED_FUNCTION = YES;
				GCC_WARN_UNUSED_VARIABLE = YES;
				IPHONEOS_DEPLOYMENT_TARGET = 13.4;
				MTL_ENABLE_DEBUG_INFO = INCLUDE_SOURCE;
				MTL_FAST_MATH = YES;
				ONLY_ACTIVE_ARCH = YES;
				SDKROOT = iphoneos;
				SWIFT_ACTIVE_COMPILATION_CONDITIONS = DEBUG;
				SWIFT_OPTIMIZATION_LEVEL = "-Onone";
			};
			name = Debug;
		};
		DA2FEE0225816E4E00AEE542 /* Release */ = {
			isa = XCBuildConfiguration;
			buildSettings = {
				ALWAYS_SEARCH_USER_PATHS = NO;
				CLANG_ANALYZER_NONNULL = YES;
				CLANG_ANALYZER_NUMBER_OBJECT_CONVERSION = YES_AGGRESSIVE;
				CLANG_CXX_LANGUAGE_STANDARD = "gnu++14";
				CLANG_CXX_LIBRARY = "libc++";
				CLANG_ENABLE_MODULES = YES;
				CLANG_ENABLE_OBJC_ARC = YES;
				CLANG_ENABLE_OBJC_WEAK = YES;
				CLANG_WARN_BLOCK_CAPTURE_AUTORELEASING = YES;
				CLANG_WARN_BOOL_CONVERSION = YES;
				CLANG_WARN_COMMA = YES;
				CLANG_WARN_CONSTANT_CONVERSION = YES;
				CLANG_WARN_DEPRECATED_OBJC_IMPLEMENTATIONS = YES;
				CLANG_WARN_DIRECT_OBJC_ISA_USAGE = YES_ERROR;
				CLANG_WARN_DOCUMENTATION_COMMENTS = YES;
				CLANG_WARN_EMPTY_BODY = YES;
				CLANG_WARN_ENUM_CONVERSION = YES;
				CLANG_WARN_INFINITE_RECURSION = YES;
				CLANG_WARN_INT_CONVERSION = YES;
				CLANG_WARN_NON_LITERAL_NULL_CONVERSION = YES;
				CLANG_WARN_OBJC_IMPLICIT_RETAIN_SELF = YES;
				CLANG_WARN_OBJC_LITERAL_CONVERSION = YES;
				CLANG_WARN_OBJC_ROOT_CLASS = YES_ERROR;
				CLANG_WARN_RANGE_LOOP_ANALYSIS = YES;
				CLANG_WARN_STRICT_PROTOTYPES = YES;
				CLANG_WARN_SUSPICIOUS_MOVE = YES;
				CLANG_WARN_UNGUARDED_AVAILABILITY = YES_AGGRESSIVE;
				CLANG_WARN_UNREACHABLE_CODE = YES;
				CLANG_WARN__DUPLICATE_METHOD_MATCH = YES;
				COPY_PHASE_STRIP = NO;
				DEBUG_INFORMATION_FORMAT = "dwarf-with-dsym";
				ENABLE_NS_ASSERTIONS = NO;
				ENABLE_STRICT_OBJC_MSGSEND = YES;
				GCC_C_LANGUAGE_STANDARD = gnu11;
				GCC_NO_COMMON_BLOCKS = YES;
				GCC_WARN_64_TO_32_BIT_CONVERSION = YES;
				GCC_WARN_ABOUT_RETURN_TYPE = YES_ERROR;
				GCC_WARN_UNDECLARED_SELECTOR = YES;
				GCC_WARN_UNINITIALIZED_AUTOS = YES_AGGRESSIVE;
				GCC_WARN_UNUSED_FUNCTION = YES;
				GCC_WARN_UNUSED_VARIABLE = YES;
				IPHONEOS_DEPLOYMENT_TARGET = 13.4;
				MTL_ENABLE_DEBUG_INFO = NO;
				MTL_FAST_MATH = YES;
				SDKROOT = iphoneos;
				SWIFT_COMPILATION_MODE = wholemodule;
				SWIFT_OPTIMIZATION_LEVEL = "-O";
				VALIDATE_PRODUCT = YES;
			};
			name = Release;
		};
		DA2FEE0425816E4E00AEE542 /* Debug */ = {
			isa = XCBuildConfiguration;
			baseConfigurationReference = 9E62F404D976AB154EAE4D44 /* Pods-Instamator.debug.xcconfig */;
			buildSettings = {
				ASSETCATALOG_COMPILER_APPICON_NAME = AppIcon;
				CODE_SIGN_STYLE = Automatic;
				DEVELOPMENT_TEAM = 3Y8AYV8D5R;
				INFOPLIST_FILE = Instamator/Info.plist;
				LD_RUNPATH_SEARCH_PATHS = (
					"$(inherited)",
					"@executable_path/Frameworks",
				);
				PRODUCT_BUNDLE_IDENTIFIER = com.2020.Instamator;
				PRODUCT_NAME = "$(TARGET_NAME)";
				SWIFT_VERSION = 5.0;
				TARGETED_DEVICE_FAMILY = "1,2";
			};
			name = Debug;
		};
		DA2FEE0525816E4E00AEE542 /* Release */ = {
			isa = XCBuildConfiguration;
			baseConfigurationReference = 5D3D754F69671AB84C32A4D3 /* Pods-Instamator.release.xcconfig */;
			buildSettings = {
				ASSETCATALOG_COMPILER_APPICON_NAME = AppIcon;
				CODE_SIGN_STYLE = Automatic;
				DEVELOPMENT_TEAM = 3Y8AYV8D5R;
				INFOPLIST_FILE = Instamator/Info.plist;
				LD_RUNPATH_SEARCH_PATHS = (
					"$(inherited)",
					"@executable_path/Frameworks",
				);
				PRODUCT_BUNDLE_IDENTIFIER = com.2020.Instamator;
				PRODUCT_NAME = "$(TARGET_NAME)";
				SWIFT_VERSION = 5.0;
				TARGETED_DEVICE_FAMILY = "1,2";
			};
			name = Release;
		};
/* End XCBuildConfiguration section */

/* Begin XCConfigurationList section */
		DA2FEDEA25816E4A00AEE542 /* Build configuration list for PBXProject "Instamator" */ = {
			isa = XCConfigurationList;
			buildConfigurations = (
				DA2FEE0125816E4E00AEE542 /* Debug */,
				DA2FEE0225816E4E00AEE542 /* Release */,
			);
			defaultConfigurationIsVisible = 0;
			defaultConfigurationName = Release;
		};
		DA2FEE0325816E4E00AEE542 /* Build configuration list for PBXNativeTarget "Instamator" */ = {
			isa = XCConfigurationList;
			buildConfigurations = (
				DA2FEE0425816E4E00AEE542 /* Debug */,
				DA2FEE0525816E4E00AEE542 /* Release */,
			);
			defaultConfigurationIsVisible = 0;
			defaultConfigurationName = Release;
		};
/* End XCConfigurationList section */
	};
	rootObject = DA2FEDE725816E4A00AEE542 /* Project object */;
}
